// !$*UTF8*$!
{
	archiveVersion = 1;
	classes = {
	};
	objectVersion = 52;
	objects = {

/* Begin PBXBuildFile section */
		29019C0A2708712600E79357 /* ImageView.swift in Sources */ = {isa = PBXBuildFile; fileRef = 29019C092708712600E79357 /* ImageView.swift */; };
		29019C0C2708721F00E79357 /* ImageCache.swift in Sources */ = {isa = PBXBuildFile; fileRef = 29019C0B2708721F00E79357 /* ImageCache.swift */; };
		29019C162708758500E79357 /* ImageLoader.swift in Sources */ = {isa = PBXBuildFile; fileRef = 29019C152708758500E79357 /* ImageLoader.swift */; };
		29019C18270876A400E79357 /* ImageIndicatorView.swift in Sources */ = {isa = PBXBuildFile; fileRef = 29019C17270876A400E79357 /* ImageIndicatorView.swift */; };
		29019C1A27087B2400E79357 /* ImageError.swift in Sources */ = {isa = PBXBuildFile; fileRef = 29019C1927087B2400E79357 /* ImageError.swift */; };
		29019C1C27087B4000E79357 /* ImageAPI.swift in Sources */ = {isa = PBXBuildFile; fileRef = 29019C1B27087B4000E79357 /* ImageAPI.swift */; };
		29019C1E27087BB700E79357 /* ImageRepository.swift in Sources */ = {isa = PBXBuildFile; fileRef = 29019C1D27087BB700E79357 /* ImageRepository.swift */; };
		29019C202708BFA300E79357 /* LilyDetailIconAuthorInfoView.swift in Sources */ = {isa = PBXBuildFile; fileRef = 29019C1F2708BFA300E79357 /* LilyDetailIconAuthorInfoView.swift */; };
		290274A626C12D840006EE57 /* CharmListView.swift in Sources */ = {isa = PBXBuildFile; fileRef = 290274A526C12D840006EE57 /* CharmListView.swift */; };
		290274AA26C131050006EE57 /* DecimalExtension.swift in Sources */ = {isa = PBXBuildFile; fileRef = 290274A926C131050006EE57 /* DecimalExtension.swift */; };
		290274AC26C131D70006EE57 /* Corporation.swift in Sources */ = {isa = PBXBuildFile; fileRef = 290274AB26C131D70006EE57 /* Corporation.swift */; };
		290274AE26C13BBB0006EE57 /* CharmCardView.swift in Sources */ = {isa = PBXBuildFile; fileRef = 290274AD26C13BBB0006EE57 /* CharmCardView.swift */; };
		290274B026C176A40006EE57 /* CharmDetailView.swift in Sources */ = {isa = PBXBuildFile; fileRef = 290274AF26C176A40006EE57 /* CharmDetailView.swift */; };
		290274B426C178BB0006EE57 /* CharmDetailViewHeader.swift in Sources */ = {isa = PBXBuildFile; fileRef = 290274B326C178BB0006EE57 /* CharmDetailViewHeader.swift */; };
		290274B626C192180006EE57 /* CharmListSearchBox.swift in Sources */ = {isa = PBXBuildFile; fileRef = 290274B526C192180006EE57 /* CharmListSearchBox.swift */; };
		29567E0C26F372B400CFB7FD /* ListSingleLineNavLinkRow.swift in Sources */ = {isa = PBXBuildFile; fileRef = 29567E0B26F372B400CFB7FD /* ListSingleLineNavLinkRow.swift */; };
		296EBFC526D2BBA00085C33D /* ListItemsWrapRow.swift in Sources */ = {isa = PBXBuildFile; fileRef = 296EBFC426D2BBA00085C33D /* ListItemsWrapRow.swift */; };
		297B3F382715AB1E00A9CF4F /* LilyNavigationHelper.swift in Sources */ = {isa = PBXBuildFile; fileRef = 297B3F372715AB1E00A9CF4F /* LilyNavigationHelper.swift */; };
		297B3F3A2715DA0600A9CF4F /* CharmNavigationHelper.swift in Sources */ = {isa = PBXBuildFile; fileRef = 297B3F392715DA0600A9CF4F /* CharmNavigationHelper.swift */; };
		297B3F3C2715DB7100A9CF4F /* CharmNavigationView.swift in Sources */ = {isa = PBXBuildFile; fileRef = 297B3F3B2715DB7100A9CF4F /* CharmNavigationView.swift */; };
		299556C926A1571E008B426E /* Assets.xcassets in Resources */ = {isa = PBXBuildFile; fileRef = 29CAA3AE269FD974004C1315 /* Assets.xcassets */; };
		29A7CFC626FDD07A00FFCC2B /* SparqlAPI.swift in Sources */ = {isa = PBXBuildFile; fileRef = 29A7CFC526FDD07A00FFCC2B /* SparqlAPI.swift */; };
		29A7CFC826FDD08500FFCC2B /* LilyRepository.swift in Sources */ = {isa = PBXBuildFile; fileRef = 29A7CFC726FDD08500FFCC2B /* LilyRepository.swift */; };
		29A7CFCA26FDD27200FFCC2B /* Cartfile in Resources */ = {isa = PBXBuildFile; fileRef = 29A7CFC926FDD27200FFCC2B /* Cartfile */; };
		29A7CFD326FDD8F400FFCC2B /* Moya.xcframework in Frameworks */ = {isa = PBXBuildFile; fileRef = 29A7CFCC26FDD74C00FFCC2B /* Moya.xcframework */; };
		29A7CFD426FDD8F400FFCC2B /* Moya.xcframework in Embed Frameworks */ = {isa = PBXBuildFile; fileRef = 29A7CFCC26FDD74C00FFCC2B /* Moya.xcframework */; settings = {ATTRIBUTES = (CodeSignOnCopy, RemoveHeadersOnCopy, ); }; };
		29A7CFD826FDD9EA00FFCC2B /* SparqlConstant.swift in Sources */ = {isa = PBXBuildFile; fileRef = 29A7CFD726FDD9EA00FFCC2B /* SparqlConstant.swift */; };
		29A7CFDA26FDDE7A00FFCC2B /* LilyNavigationView.swift in Sources */ = {isa = PBXBuildFile; fileRef = 29A7CFD926FDDE7A00FFCC2B /* LilyNavigationView.swift */; };
		29A7CFDC26FDDEA700FFCC2B /* Alamofire.xcframework in Frameworks */ = {isa = PBXBuildFile; fileRef = 29A7CFDB26FDDEA700FFCC2B /* Alamofire.xcframework */; };
		29A7CFDD26FDDEA700FFCC2B /* Alamofire.xcframework in Embed Frameworks */ = {isa = PBXBuildFile; fileRef = 29A7CFDB26FDDEA700FFCC2B /* Alamofire.xcframework */; settings = {ATTRIBUTES = (CodeSignOnCopy, RemoveHeadersOnCopy, ); }; };
		29A7CFDF26FF392100FFCC2B /* LoadingState.swift in Sources */ = {isa = PBXBuildFile; fileRef = 29A7CFDE26FF392100FFCC2B /* LoadingState.swift */; };
		29A7CFE826FF578200FFCC2B /* LilyListViewModel.swift in Sources */ = {isa = PBXBuildFile; fileRef = 29A7CFE726FF578200FFCC2B /* LilyListViewModel.swift */; };
		29A7CFEA26FF9DC900FFCC2B /* LilyDetailViewModel.swift in Sources */ = {isa = PBXBuildFile; fileRef = 29A7CFE926FF9DC900FFCC2B /* LilyDetailViewModel.swift */; };
		29A7CFEC26FF9FE400FFCC2B /* LilyDetailGardenLegionInfoView.swift in Sources */ = {isa = PBXBuildFile; fileRef = 29A7CFEB26FF9FE400FFCC2B /* LilyDetailGardenLegionInfoView.swift */; };
		29A7CFEE26FFA17B00FFCC2B /* LilyDetailBasicInfoView.swift in Sources */ = {isa = PBXBuildFile; fileRef = 29A7CFED26FFA17B00FFCC2B /* LilyDetailBasicInfoView.swift */; };
		29A7CFF026FFA22B00FFCC2B /* LilyDetailSkillCharmView.swift in Sources */ = {isa = PBXBuildFile; fileRef = 29A7CFEF26FFA22B00FFCC2B /* LilyDetailSkillCharmView.swift */; };
		29B195D02724307800045FD9 /* PathAnimatingView.swift in Sources */ = {isa = PBXBuildFile; fileRef = 29B195CF2724307800045FD9 /* PathAnimatingView.swift */; };
		29B195D32724447900045FD9 /* BirthdayBalloonView.swift in Sources */ = {isa = PBXBuildFile; fileRef = 29B195D22724447900045FD9 /* BirthdayBalloonView.swift */; };
		29B39D852705D3C100172A8A /* CharmListViewModel.swift in Sources */ = {isa = PBXBuildFile; fileRef = 29B39D842705D3C100172A8A /* CharmListViewModel.swift */; };
		29B39D872705D3CB00172A8A /* CharmDetailViewModel.swift in Sources */ = {isa = PBXBuildFile; fileRef = 29B39D862705D3CB00172A8A /* CharmDetailViewModel.swift */; };
		29B39D892705D3DC00172A8A /* CharmRepository.swift in Sources */ = {isa = PBXBuildFile; fileRef = 29B39D882705D3DC00172A8A /* CharmRepository.swift */; };
		29B39D8B2705D48600172A8A /* SparqlError.swift in Sources */ = {isa = PBXBuildFile; fileRef = 29B39D8A2705D48600172A8A /* SparqlError.swift */; };
		29B39D8D2705DB1A00172A8A /* LoadingView.swift in Sources */ = {isa = PBXBuildFile; fileRef = 29B39D8C2705DB1A00172A8A /* LoadingView.swift */; };
		29B39D8F2705E90400172A8A /* ImageRecord.swift in Sources */ = {isa = PBXBuildFile; fileRef = 29B39D8E2705E90400172A8A /* ImageRecord.swift */; };
		29B39D912705EB1700172A8A /* ImageRecordAPI.swift in Sources */ = {isa = PBXBuildFile; fileRef = 29B39D902705EB1700172A8A /* ImageRecordAPI.swift */; };
		29B39D932705EBA300172A8A /* ImageRecordConstant.swift in Sources */ = {isa = PBXBuildFile; fileRef = 29B39D922705EBA300172A8A /* ImageRecordConstant.swift */; };
		29B39D952705EED100172A8A /* ImageRecordRepository.swift in Sources */ = {isa = PBXBuildFile; fileRef = 29B39D942705EED100172A8A /* ImageRecordRepository.swift */; };
		29B39D972705F35B00172A8A /* ImageRecordError.swift in Sources */ = {isa = PBXBuildFile; fileRef = 29B39D962705F35B00172A8A /* ImageRecordError.swift */; };
		29BBD6F826CEB9D6005F30BA /* CharmUserView.swift in Sources */ = {isa = PBXBuildFile; fileRef = 29BBD6F726CEB9D6005F30BA /* CharmUserView.swift */; };
		29CAA3AB269FD973004C1315 /* CiderApp.swift in Sources */ = {isa = PBXBuildFile; fileRef = 29CAA3AA269FD973004C1315 /* CiderApp.swift */; };
		29CAA3AD269FD973004C1315 /* LilyListView.swift in Sources */ = {isa = PBXBuildFile; fileRef = 29CAA3AC269FD973004C1315 /* LilyListView.swift */; };
		29CAA3B2269FD974004C1315 /* Preview Assets.xcassets in Resources */ = {isa = PBXBuildFile; fileRef = 29CAA3B1269FD974004C1315 /* Preview Assets.xcassets */; };
		29CAA3BB269FE8F2004C1315 /* SparqlResponse.swift in Sources */ = {isa = PBXBuildFile; fileRef = 29CAA3BA269FE8F2004C1315 /* SparqlResponse.swift */; };
		29CAA3BD26A02B79004C1315 /* Lily.swift in Sources */ = {isa = PBXBuildFile; fileRef = 29CAA3BC26A02B79004C1315 /* Lily.swift */; };
		29CAA3BF26A02C1A004C1315 /* StringHelper.swift in Sources */ = {isa = PBXBuildFile; fileRef = 29CAA3BE26A02C1A004C1315 /* StringHelper.swift */; };
		29CAA3C126A02D4B004C1315 /* Legion.swift in Sources */ = {isa = PBXBuildFile; fileRef = 29CAA3C026A02D4B004C1315 /* Legion.swift */; };
		29CAA3CB26A046DE004C1315 /* TriplesHelper.swift in Sources */ = {isa = PBXBuildFile; fileRef = 29CAA3CA26A046DE004C1315 /* TriplesHelper.swift */; };
		29CAA3CD26A05492004C1315 /* LilyCardView.swift in Sources */ = {isa = PBXBuildFile; fileRef = 29CAA3CC26A05492004C1315 /* LilyCardView.swift */; };
		29CC6C8126A1E2400062EF80 /* LilyDetailView.swift in Sources */ = {isa = PBXBuildFile; fileRef = 29CC6C8026A1E2400062EF80 /* LilyDetailView.swift */; };
		29CC6C8326A1EEBA0062EF80 /* Charm.swift in Sources */ = {isa = PBXBuildFile; fileRef = 29CC6C8226A1EEBA0062EF80 /* Charm.swift */; };
		29CC6C8526A1F5C90062EF80 /* Taskforce.swift in Sources */ = {isa = PBXBuildFile; fileRef = 29CC6C8426A1F5C90062EF80 /* Taskforce.swift */; };
		29CC6C8726A1F5E70062EF80 /* Cast.swift in Sources */ = {isa = PBXBuildFile; fileRef = 29CC6C8626A1F5E70062EF80 /* Cast.swift */; };
		29CC6C8D26A559E30062EF80 /* Media.swift in Sources */ = {isa = PBXBuildFile; fileRef = 29CC6C8C26A559E30062EF80 /* Media.swift */; };
		29CC6C8F26A6C5FC0062EF80 /* ColorExtension.swift in Sources */ = {isa = PBXBuildFile; fileRef = 29CC6C8E26A6C5FC0062EF80 /* ColorExtension.swift */; };
		29CC6C9126A88E290062EF80 /* DateHelper.swift in Sources */ = {isa = PBXBuildFile; fileRef = 29CC6C9026A88E290062EF80 /* DateHelper.swift */; };
		29CC6C9326AEB5AB0062EF80 /* ListSingleLineRow.swift in Sources */ = {isa = PBXBuildFile; fileRef = 29CC6C9226AEB5AB0062EF80 /* ListSingleLineRow.swift */; };
		29CC6C9526AFB3080062EF80 /* ListMultiLineRow.swift in Sources */ = {isa = PBXBuildFile; fileRef = 29CC6C9426AFB3080062EF80 /* ListMultiLineRow.swift */; };
		29CC6C9926AFF99C0062EF80 /* RelationshipListRow.swift in Sources */ = {isa = PBXBuildFile; fileRef = 29CC6C9826AFF99C0062EF80 /* RelationshipListRow.swift */; };
		29CC6C9B26AFFC880062EF80 /* LilyDetailViewHeader.swift in Sources */ = {isa = PBXBuildFile; fileRef = 29CC6C9A26AFFC880062EF80 /* LilyDetailViewHeader.swift */; };
		29CC6C9D26B000520062EF80 /* ResponsiveNavigationStyle.swift in Sources */ = {isa = PBXBuildFile; fileRef = 29CC6C9C26B000520062EF80 /* ResponsiveNavigationStyle.swift */; };
		29CC6C9F26B277020062EF80 /* GardenPicker.swift in Sources */ = {isa = PBXBuildFile; fileRef = 29CC6C9E26B277020062EF80 /* GardenPicker.swift */; };
		29CC6CA126B2790C0062EF80 /* ViewExtension.swift in Sources */ = {isa = PBXBuildFile; fileRef = 29CC6CA026B2790C0062EF80 /* ViewExtension.swift */; };
		29CC6CA326B27A220062EF80 /* LilyListSearchBox.swift in Sources */ = {isa = PBXBuildFile; fileRef = 29CC6CA226B27A220062EF80 /* LilyListSearchBox.swift */; };
		29CC6CA526B27CF80062EF80 /* LegionPicker.swift in Sources */ = {isa = PBXBuildFile; fileRef = 29CC6CA426B27CF80062EF80 /* LegionPicker.swift */; };
		29CC6CA726B283F10062EF80 /* UIApplicationExtension.swift in Sources */ = {isa = PBXBuildFile; fileRef = 29CC6CA626B283F10062EF80 /* UIApplicationExtension.swift */; };
		29CC6CAB26B338F30062EF80 /* SkillPicker.swift in Sources */ = {isa = PBXBuildFile; fileRef = 29CC6CAA26B338F30062EF80 /* SkillPicker.swift */; };
		29CC6CB526B5B1990062EF80 /* PartialSheetManager.swift in Sources */ = {isa = PBXBuildFile; fileRef = 29CC6CB426B5B1990062EF80 /* PartialSheetManager.swift */; };
		29CC6CB726B5B1C90062EF80 /* PartialSheetStyle.swift in Sources */ = {isa = PBXBuildFile; fileRef = 29CC6CB626B5B1C90062EF80 /* PartialSheetStyle.swift */; };
		29CC6CB926B5B2040062EF80 /* PartialSheetViewModifier.swift in Sources */ = {isa = PBXBuildFile; fileRef = 29CC6CB826B5B2040062EF80 /* PartialSheetViewModifier.swift */; };
		29CC6CBB26B5B2670062EF80 /* View+IfDeviceType.swift in Sources */ = {isa = PBXBuildFile; fileRef = 29CC6CBA26B5B2670062EF80 /* View+IfDeviceType.swift */; };
		29CC6CBD26B5B27F0062EF80 /* View+PartialSheetModifier.swift in Sources */ = {isa = PBXBuildFile; fileRef = 29CC6CBC26B5B27F0062EF80 /* View+PartialSheetModifier.swift */; };
		29CC6D1026BC4EA50062EF80 /* CastListRow.swift in Sources */ = {isa = PBXBuildFile; fileRef = 29CC6D0F26BC4EA50062EF80 /* CastListRow.swift */; };
/* End PBXBuildFile section */

/* Begin PBXCopyFilesBuildPhase section */
		29A7CFD526FDD8F400FFCC2B /* Embed Frameworks */ = {
			isa = PBXCopyFilesBuildPhase;
			buildActionMask = 2147483647;
			dstPath = "";
			dstSubfolderSpec = 10;
			files = (
				29A7CFDD26FDDEA700FFCC2B /* Alamofire.xcframework in Embed Frameworks */,
				29A7CFD426FDD8F400FFCC2B /* Moya.xcframework in Embed Frameworks */,
			);
			name = "Embed Frameworks";
			runOnlyForDeploymentPostprocessing = 0;
		};
/* End PBXCopyFilesBuildPhase section */

/* Begin PBXFileReference section */
		29019C092708712600E79357 /* ImageView.swift */ = {isa = PBXFileReference; lastKnownFileType = sourcecode.swift; path = ImageView.swift; sourceTree = "<group>"; };
		29019C0B2708721F00E79357 /* ImageCache.swift */ = {isa = PBXFileReference; lastKnownFileType = sourcecode.swift; path = ImageCache.swift; sourceTree = "<group>"; };
		29019C152708758500E79357 /* ImageLoader.swift */ = {isa = PBXFileReference; lastKnownFileType = sourcecode.swift; path = ImageLoader.swift; sourceTree = "<group>"; };
		29019C17270876A400E79357 /* ImageIndicatorView.swift */ = {isa = PBXFileReference; lastKnownFileType = sourcecode.swift; path = ImageIndicatorView.swift; sourceTree = "<group>"; };
		29019C1927087B2400E79357 /* ImageError.swift */ = {isa = PBXFileReference; lastKnownFileType = sourcecode.swift; path = ImageError.swift; sourceTree = "<group>"; };
		29019C1B27087B4000E79357 /* ImageAPI.swift */ = {isa = PBXFileReference; lastKnownFileType = sourcecode.swift; path = ImageAPI.swift; sourceTree = "<group>"; };
		29019C1D27087BB700E79357 /* ImageRepository.swift */ = {isa = PBXFileReference; lastKnownFileType = sourcecode.swift; path = ImageRepository.swift; sourceTree = "<group>"; };
		29019C1F2708BFA300E79357 /* LilyDetailIconAuthorInfoView.swift */ = {isa = PBXFileReference; lastKnownFileType = sourcecode.swift; path = LilyDetailIconAuthorInfoView.swift; sourceTree = "<group>"; };
		290274A526C12D840006EE57 /* CharmListView.swift */ = {isa = PBXFileReference; lastKnownFileType = sourcecode.swift; path = CharmListView.swift; sourceTree = "<group>"; };
		290274A926C131050006EE57 /* DecimalExtension.swift */ = {isa = PBXFileReference; lastKnownFileType = sourcecode.swift; path = DecimalExtension.swift; sourceTree = "<group>"; };
		290274AB26C131D70006EE57 /* Corporation.swift */ = {isa = PBXFileReference; lastKnownFileType = sourcecode.swift; path = Corporation.swift; sourceTree = "<group>"; };
		290274AD26C13BBB0006EE57 /* CharmCardView.swift */ = {isa = PBXFileReference; lastKnownFileType = sourcecode.swift; path = CharmCardView.swift; sourceTree = "<group>"; };
		290274AF26C176A40006EE57 /* CharmDetailView.swift */ = {isa = PBXFileReference; lastKnownFileType = sourcecode.swift; path = CharmDetailView.swift; sourceTree = "<group>"; };
		290274B326C178BB0006EE57 /* CharmDetailViewHeader.swift */ = {isa = PBXFileReference; lastKnownFileType = sourcecode.swift; path = CharmDetailViewHeader.swift; sourceTree = "<group>"; };
		290274B526C192180006EE57 /* CharmListSearchBox.swift */ = {isa = PBXFileReference; lastKnownFileType = sourcecode.swift; path = CharmListSearchBox.swift; sourceTree = "<group>"; };
		29567E0B26F372B400CFB7FD /* ListSingleLineNavLinkRow.swift */ = {isa = PBXFileReference; lastKnownFileType = sourcecode.swift; path = ListSingleLineNavLinkRow.swift; sourceTree = "<group>"; };
		296EBFC426D2BBA00085C33D /* ListItemsWrapRow.swift */ = {isa = PBXFileReference; lastKnownFileType = sourcecode.swift; path = ListItemsWrapRow.swift; sourceTree = "<group>"; };
		297B3F372715AB1E00A9CF4F /* LilyNavigationHelper.swift */ = {isa = PBXFileReference; lastKnownFileType = sourcecode.swift; path = LilyNavigationHelper.swift; sourceTree = "<group>"; };
		297B3F392715DA0600A9CF4F /* CharmNavigationHelper.swift */ = {isa = PBXFileReference; lastKnownFileType = sourcecode.swift; path = CharmNavigationHelper.swift; sourceTree = "<group>"; };
		297B3F3B2715DB7100A9CF4F /* CharmNavigationView.swift */ = {isa = PBXFileReference; lastKnownFileType = sourcecode.swift; path = CharmNavigationView.swift; sourceTree = "<group>"; };
		29A7CFC526FDD07A00FFCC2B /* SparqlAPI.swift */ = {isa = PBXFileReference; lastKnownFileType = sourcecode.swift; path = SparqlAPI.swift; sourceTree = "<group>"; };
		29A7CFC726FDD08500FFCC2B /* LilyRepository.swift */ = {isa = PBXFileReference; lastKnownFileType = sourcecode.swift; path = LilyRepository.swift; sourceTree = "<group>"; };
		29A7CFC926FDD27200FFCC2B /* Cartfile */ = {isa = PBXFileReference; lastKnownFileType = text; path = Cartfile; sourceTree = "<group>"; };
		29A7CFCC26FDD74C00FFCC2B /* Moya.xcframework */ = {isa = PBXFileReference; lastKnownFileType = wrapper.xcframework; name = Moya.xcframework; path = Carthage/Build/Moya.xcframework; sourceTree = "<group>"; };
		29A7CFD726FDD9EA00FFCC2B /* SparqlConstant.swift */ = {isa = PBXFileReference; lastKnownFileType = sourcecode.swift; path = SparqlConstant.swift; sourceTree = "<group>"; };
		29A7CFD926FDDE7A00FFCC2B /* LilyNavigationView.swift */ = {isa = PBXFileReference; fileEncoding = 4; lastKnownFileType = sourcecode.swift; path = LilyNavigationView.swift; sourceTree = "<group>"; };
		29A7CFDB26FDDEA700FFCC2B /* Alamofire.xcframework */ = {isa = PBXFileReference; lastKnownFileType = wrapper.xcframework; name = Alamofire.xcframework; path = Carthage/Build/Alamofire.xcframework; sourceTree = "<group>"; };
		29A7CFDE26FF392100FFCC2B /* LoadingState.swift */ = {isa = PBXFileReference; lastKnownFileType = sourcecode.swift; path = LoadingState.swift; sourceTree = "<group>"; };
		29A7CFE726FF578200FFCC2B /* LilyListViewModel.swift */ = {isa = PBXFileReference; lastKnownFileType = sourcecode.swift; path = LilyListViewModel.swift; sourceTree = "<group>"; };
		29A7CFE926FF9DC900FFCC2B /* LilyDetailViewModel.swift */ = {isa = PBXFileReference; lastKnownFileType = sourcecode.swift; path = LilyDetailViewModel.swift; sourceTree = "<group>"; };
		29A7CFEB26FF9FE400FFCC2B /* LilyDetailGardenLegionInfoView.swift */ = {isa = PBXFileReference; lastKnownFileType = sourcecode.swift; path = LilyDetailGardenLegionInfoView.swift; sourceTree = "<group>"; };
		29A7CFED26FFA17B00FFCC2B /* LilyDetailBasicInfoView.swift */ = {isa = PBXFileReference; lastKnownFileType = sourcecode.swift; path = LilyDetailBasicInfoView.swift; sourceTree = "<group>"; };
		29A7CFEF26FFA22B00FFCC2B /* LilyDetailSkillCharmView.swift */ = {isa = PBXFileReference; lastKnownFileType = sourcecode.swift; path = LilyDetailSkillCharmView.swift; sourceTree = "<group>"; };
		29B195CF2724307800045FD9 /* PathAnimatingView.swift */ = {isa = PBXFileReference; lastKnownFileType = sourcecode.swift; path = PathAnimatingView.swift; sourceTree = "<group>"; };
		29B195D22724447900045FD9 /* BirthdayBalloonView.swift */ = {isa = PBXFileReference; lastKnownFileType = sourcecode.swift; path = BirthdayBalloonView.swift; sourceTree = "<group>"; };
		29B39D842705D3C100172A8A /* CharmListViewModel.swift */ = {isa = PBXFileReference; lastKnownFileType = sourcecode.swift; path = CharmListViewModel.swift; sourceTree = "<group>"; };
		29B39D862705D3CB00172A8A /* CharmDetailViewModel.swift */ = {isa = PBXFileReference; lastKnownFileType = sourcecode.swift; path = CharmDetailViewModel.swift; sourceTree = "<group>"; };
		29B39D882705D3DC00172A8A /* CharmRepository.swift */ = {isa = PBXFileReference; lastKnownFileType = sourcecode.swift; path = CharmRepository.swift; sourceTree = "<group>"; };
		29B39D8A2705D48600172A8A /* SparqlError.swift */ = {isa = PBXFileReference; lastKnownFileType = sourcecode.swift; path = SparqlError.swift; sourceTree = "<group>"; };
		29B39D8C2705DB1A00172A8A /* LoadingView.swift */ = {isa = PBXFileReference; lastKnownFileType = sourcecode.swift; path = LoadingView.swift; sourceTree = "<group>"; };
		29B39D8E2705E90400172A8A /* ImageRecord.swift */ = {isa = PBXFileReference; lastKnownFileType = sourcecode.swift; path = ImageRecord.swift; sourceTree = "<group>"; };
		29B39D902705EB1700172A8A /* ImageRecordAPI.swift */ = {isa = PBXFileReference; lastKnownFileType = sourcecode.swift; path = ImageRecordAPI.swift; sourceTree = "<group>"; };
		29B39D922705EBA300172A8A /* ImageRecordConstant.swift */ = {isa = PBXFileReference; lastKnownFileType = sourcecode.swift; path = ImageRecordConstant.swift; sourceTree = "<group>"; };
		29B39D942705EED100172A8A /* ImageRecordRepository.swift */ = {isa = PBXFileReference; lastKnownFileType = sourcecode.swift; path = ImageRecordRepository.swift; sourceTree = "<group>"; };
		29B39D962705F35B00172A8A /* ImageRecordError.swift */ = {isa = PBXFileReference; lastKnownFileType = sourcecode.swift; path = ImageRecordError.swift; sourceTree = "<group>"; };
		29BBD6F726CEB9D6005F30BA /* CharmUserView.swift */ = {isa = PBXFileReference; lastKnownFileType = sourcecode.swift; path = CharmUserView.swift; sourceTree = "<group>"; };
		29CAA3A7269FD973004C1315 /* Cider.app */ = {isa = PBXFileReference; explicitFileType = wrapper.application; includeInIndex = 0; path = Cider.app; sourceTree = BUILT_PRODUCTS_DIR; };
		29CAA3AA269FD973004C1315 /* CiderApp.swift */ = {isa = PBXFileReference; lastKnownFileType = sourcecode.swift; path = CiderApp.swift; sourceTree = "<group>"; };
		29CAA3AC269FD973004C1315 /* LilyListView.swift */ = {isa = PBXFileReference; lastKnownFileType = sourcecode.swift; path = LilyListView.swift; sourceTree = "<group>"; };
		29CAA3AE269FD974004C1315 /* Assets.xcassets */ = {isa = PBXFileReference; lastKnownFileType = folder.assetcatalog; path = Assets.xcassets; sourceTree = "<group>"; };
		29CAA3B1269FD974004C1315 /* Preview Assets.xcassets */ = {isa = PBXFileReference; lastKnownFileType = folder.assetcatalog; path = "Preview Assets.xcassets"; sourceTree = "<group>"; };
		29CAA3B3269FD974004C1315 /* Info.plist */ = {isa = PBXFileReference; lastKnownFileType = text.plist.xml; path = Info.plist; sourceTree = "<group>"; };
		29CAA3BA269FE8F2004C1315 /* SparqlResponse.swift */ = {isa = PBXFileReference; lastKnownFileType = sourcecode.swift; path = SparqlResponse.swift; sourceTree = "<group>"; };
		29CAA3BC26A02B79004C1315 /* Lily.swift */ = {isa = PBXFileReference; lastKnownFileType = sourcecode.swift; path = Lily.swift; sourceTree = "<group>"; };
		29CAA3BE26A02C1A004C1315 /* StringHelper.swift */ = {isa = PBXFileReference; lastKnownFileType = sourcecode.swift; path = StringHelper.swift; sourceTree = "<group>"; };
		29CAA3C026A02D4B004C1315 /* Legion.swift */ = {isa = PBXFileReference; lastKnownFileType = sourcecode.swift; path = Legion.swift; sourceTree = "<group>"; };
		29CAA3CA26A046DE004C1315 /* TriplesHelper.swift */ = {isa = PBXFileReference; lastKnownFileType = sourcecode.swift; path = TriplesHelper.swift; sourceTree = "<group>"; };
		29CAA3CC26A05492004C1315 /* LilyCardView.swift */ = {isa = PBXFileReference; lastKnownFileType = sourcecode.swift; path = LilyCardView.swift; sourceTree = "<group>"; };
		29CC6C8026A1E2400062EF80 /* LilyDetailView.swift */ = {isa = PBXFileReference; lastKnownFileType = sourcecode.swift; path = LilyDetailView.swift; sourceTree = "<group>"; };
		29CC6C8226A1EEBA0062EF80 /* Charm.swift */ = {isa = PBXFileReference; lastKnownFileType = sourcecode.swift; path = Charm.swift; sourceTree = "<group>"; };
		29CC6C8426A1F5C90062EF80 /* Taskforce.swift */ = {isa = PBXFileReference; lastKnownFileType = sourcecode.swift; path = Taskforce.swift; sourceTree = "<group>"; };
		29CC6C8626A1F5E70062EF80 /* Cast.swift */ = {isa = PBXFileReference; lastKnownFileType = sourcecode.swift; path = Cast.swift; sourceTree = "<group>"; };
		29CC6C8C26A559E30062EF80 /* Media.swift */ = {isa = PBXFileReference; lastKnownFileType = sourcecode.swift; path = Media.swift; sourceTree = "<group>"; };
		29CC6C8E26A6C5FC0062EF80 /* ColorExtension.swift */ = {isa = PBXFileReference; lastKnownFileType = sourcecode.swift; path = ColorExtension.swift; sourceTree = "<group>"; };
		29CC6C9026A88E290062EF80 /* DateHelper.swift */ = {isa = PBXFileReference; lastKnownFileType = sourcecode.swift; path = DateHelper.swift; sourceTree = "<group>"; };
		29CC6C9226AEB5AB0062EF80 /* ListSingleLineRow.swift */ = {isa = PBXFileReference; lastKnownFileType = sourcecode.swift; path = ListSingleLineRow.swift; sourceTree = "<group>"; };
		29CC6C9426AFB3080062EF80 /* ListMultiLineRow.swift */ = {isa = PBXFileReference; lastKnownFileType = sourcecode.swift; path = ListMultiLineRow.swift; sourceTree = "<group>"; };
		29CC6C9826AFF99C0062EF80 /* RelationshipListRow.swift */ = {isa = PBXFileReference; lastKnownFileType = sourcecode.swift; path = RelationshipListRow.swift; sourceTree = "<group>"; };
		29CC6C9A26AFFC880062EF80 /* LilyDetailViewHeader.swift */ = {isa = PBXFileReference; lastKnownFileType = sourcecode.swift; path = LilyDetailViewHeader.swift; sourceTree = "<group>"; };
		29CC6C9C26B000520062EF80 /* ResponsiveNavigationStyle.swift */ = {isa = PBXFileReference; lastKnownFileType = sourcecode.swift; path = ResponsiveNavigationStyle.swift; sourceTree = "<group>"; };
		29CC6C9E26B277020062EF80 /* GardenPicker.swift */ = {isa = PBXFileReference; lastKnownFileType = sourcecode.swift; path = GardenPicker.swift; sourceTree = "<group>"; };
		29CC6CA026B2790C0062EF80 /* ViewExtension.swift */ = {isa = PBXFileReference; lastKnownFileType = sourcecode.swift; path = ViewExtension.swift; sourceTree = "<group>"; };
		29CC6CA226B27A220062EF80 /* LilyListSearchBox.swift */ = {isa = PBXFileReference; lastKnownFileType = sourcecode.swift; path = LilyListSearchBox.swift; sourceTree = "<group>"; };
		29CC6CA426B27CF80062EF80 /* LegionPicker.swift */ = {isa = PBXFileReference; lastKnownFileType = sourcecode.swift; path = LegionPicker.swift; sourceTree = "<group>"; };
		29CC6CA626B283F10062EF80 /* UIApplicationExtension.swift */ = {isa = PBXFileReference; lastKnownFileType = sourcecode.swift; path = UIApplicationExtension.swift; sourceTree = "<group>"; };
		29CC6CAA26B338F30062EF80 /* SkillPicker.swift */ = {isa = PBXFileReference; lastKnownFileType = sourcecode.swift; path = SkillPicker.swift; sourceTree = "<group>"; };
		29CC6CB426B5B1990062EF80 /* PartialSheetManager.swift */ = {isa = PBXFileReference; lastKnownFileType = sourcecode.swift; path = PartialSheetManager.swift; sourceTree = "<group>"; };
		29CC6CB626B5B1C90062EF80 /* PartialSheetStyle.swift */ = {isa = PBXFileReference; lastKnownFileType = sourcecode.swift; path = PartialSheetStyle.swift; sourceTree = "<group>"; };
		29CC6CB826B5B2040062EF80 /* PartialSheetViewModifier.swift */ = {isa = PBXFileReference; lastKnownFileType = sourcecode.swift; path = PartialSheetViewModifier.swift; sourceTree = "<group>"; };
		29CC6CBA26B5B2670062EF80 /* View+IfDeviceType.swift */ = {isa = PBXFileReference; lastKnownFileType = sourcecode.swift; path = "View+IfDeviceType.swift"; sourceTree = "<group>"; };
		29CC6CBC26B5B27F0062EF80 /* View+PartialSheetModifier.swift */ = {isa = PBXFileReference; lastKnownFileType = sourcecode.swift; path = "View+PartialSheetModifier.swift"; sourceTree = "<group>"; };
		29CC6D0F26BC4EA50062EF80 /* CastListRow.swift */ = {isa = PBXFileReference; lastKnownFileType = sourcecode.swift; path = CastListRow.swift; sourceTree = "<group>"; };
/* End PBXFileReference section */

/* Begin PBXFrameworksBuildPhase section */
		29CAA3A4269FD973004C1315 /* Frameworks */ = {
			isa = PBXFrameworksBuildPhase;
			buildActionMask = 2147483647;
			files = (
				29A7CFDC26FDDEA700FFCC2B /* Alamofire.xcframework in Frameworks */,
				29A7CFD326FDD8F400FFCC2B /* Moya.xcframework in Frameworks */,
			);
			runOnlyForDeploymentPostprocessing = 0;
		};
/* End PBXFrameworksBuildPhase section */

/* Begin PBXGroup section */
		290274ED26CA92150006EE57 /* ViewComponent */ = {
			isa = PBXGroup;
			children = (
				29B39D8C2705DB1A00172A8A /* LoadingView.swift */,
				29019C092708712600E79357 /* ImageView.swift */,
				29019C17270876A400E79357 /* ImageIndicatorView.swift */,
				29CC6C9E26B277020062EF80 /* GardenPicker.swift */,
				29CC6CA426B27CF80062EF80 /* LegionPicker.swift */,
				29CC6CAA26B338F30062EF80 /* SkillPicker.swift */,
				29CC6CA226B27A220062EF80 /* LilyListSearchBox.swift */,
				290274B526C192180006EE57 /* CharmListSearchBox.swift */,
				29CC6C9826AFF99C0062EF80 /* RelationshipListRow.swift */,
				29CC6D0F26BC4EA50062EF80 /* CastListRow.swift */,
				29CC6C9426AFB3080062EF80 /* ListMultiLineRow.swift */,
				296EBFC426D2BBA00085C33D /* ListItemsWrapRow.swift */,
				29CC6C9226AEB5AB0062EF80 /* ListSingleLineRow.swift */,
				29567E0B26F372B400CFB7FD /* ListSingleLineNavLinkRow.swift */,
				29B195CF2724307800045FD9 /* PathAnimatingView.swift */,
				29B195D22724447900045FD9 /* BirthdayBalloonView.swift */,
			);
			path = ViewComponent;
			sourceTree = "<group>";
		};
		290274EE26CA92550006EE57 /* View */ = {
			isa = PBXGroup;
			children = (
				290274EF26CA92840006EE57 /* Lily */,
				290274F026CA92930006EE57 /* Charm */,
			);
			path = View;
			sourceTree = "<group>";
		};
		290274EF26CA92840006EE57 /* Lily */ = {
			isa = PBXGroup;
			children = (
				29A7CFD926FDDE7A00FFCC2B /* LilyNavigationView.swift */,
				29CAA3AC269FD973004C1315 /* LilyListView.swift */,
				29CAA3CC26A05492004C1315 /* LilyCardView.swift */,
				29CC6C8026A1E2400062EF80 /* LilyDetailView.swift */,
				29CC6C9A26AFFC880062EF80 /* LilyDetailViewHeader.swift */,
				29A7CFEB26FF9FE400FFCC2B /* LilyDetailGardenLegionInfoView.swift */,
				29A7CFED26FFA17B00FFCC2B /* LilyDetailBasicInfoView.swift */,
				29A7CFEF26FFA22B00FFCC2B /* LilyDetailSkillCharmView.swift */,
				29019C1F2708BFA300E79357 /* LilyDetailIconAuthorInfoView.swift */,
			);
			path = Lily;
			sourceTree = "<group>";
		};
		290274F026CA92930006EE57 /* Charm */ = {
			isa = PBXGroup;
			children = (
				297B3F3B2715DB7100A9CF4F /* CharmNavigationView.swift */,
				290274A526C12D840006EE57 /* CharmListView.swift */,
				290274AD26C13BBB0006EE57 /* CharmCardView.swift */,
				290274AF26C176A40006EE57 /* CharmDetailView.swift */,
				29BBD6F726CEB9D6005F30BA /* CharmUserView.swift */,
				290274B326C178BB0006EE57 /* CharmDetailViewHeader.swift */,
			);
			path = Charm;
			sourceTree = "<group>";
		};
		297B3F362715AB1000A9CF4F /* Environment */ = {
			isa = PBXGroup;
			children = (
				297B3F372715AB1E00A9CF4F /* LilyNavigationHelper.swift */,
				297B3F392715DA0600A9CF4F /* CharmNavigationHelper.swift */,
			);
			path = Environment;
			sourceTree = "<group>";
		};
		29A7CFC426FDD06C00FFCC2B /* Repository */ = {
			isa = PBXGroup;
			children = (
				29A7CFC526FDD07A00FFCC2B /* SparqlAPI.swift */,
				29A7CFC726FDD08500FFCC2B /* LilyRepository.swift */,
				29B39D882705D3DC00172A8A /* CharmRepository.swift */,
				29B39D902705EB1700172A8A /* ImageRecordAPI.swift */,
				29B39D942705EED100172A8A /* ImageRecordRepository.swift */,
				29019C1B27087B4000E79357 /* ImageAPI.swift */,
				29019C1D27087BB700E79357 /* ImageRepository.swift */,
			);
			path = Repository;
			sourceTree = "<group>";
		};
		29A7CFCB26FDD74B00FFCC2B /* Frameworks */ = {
			isa = PBXGroup;
			children = (
				29A7CFDB26FDDEA700FFCC2B /* Alamofire.xcframework */,
				29A7CFCC26FDD74C00FFCC2B /* Moya.xcframework */,
			);
			name = Frameworks;
			sourceTree = "<group>";
		};
		29A7CFD626FDD9D500FFCC2B /* Constant */ = {
			isa = PBXGroup;
			children = (
				29A7CFD726FDD9EA00FFCC2B /* SparqlConstant.swift */,
				29B39D922705EBA300172A8A /* ImageRecordConstant.swift */,
			);
			path = Constant;
			sourceTree = "<group>";
		};
		29A7CFE626FF576700FFCC2B /* ViewModel */ = {
			isa = PBXGroup;
			children = (
				29A7CFE726FF578200FFCC2B /* LilyListViewModel.swift */,
				29A7CFE926FF9DC900FFCC2B /* LilyDetailViewModel.swift */,
				29B39D842705D3C100172A8A /* CharmListViewModel.swift */,
				29B39D862705D3CB00172A8A /* CharmDetailViewModel.swift */,
				29019C152708758500E79357 /* ImageLoader.swift */,
			);
			path = ViewModel;
			sourceTree = "<group>";
		};
		29CAA39E269FD973004C1315 = {
			isa = PBXGroup;
			children = (
				29A7CFC926FDD27200FFCC2B /* Cartfile */,
				29CAA3A9269FD973004C1315 /* Cider */,
				29CAA3A8269FD973004C1315 /* Products */,
				29A7CFCB26FDD74B00FFCC2B /* Frameworks */,
			);
			sourceTree = "<group>";
		};
		29CAA3A8269FD973004C1315 /* Products */ = {
			isa = PBXGroup;
			children = (
				29CAA3A7269FD973004C1315 /* Cider.app */,
			);
			name = Products;
			sourceTree = "<group>";
		};
		29CAA3A9269FD973004C1315 /* Cider */ = {
			isa = PBXGroup;
			children = (
				297B3F362715AB1000A9CF4F /* Environment */,
				29A7CFD626FDD9D500FFCC2B /* Constant */,
				29CC6CB326B5B1820062EF80 /* PartialSheet */,
				29CAA3C926A046C5004C1315 /* Helper */,
				29CAA3B9269FE8D3004C1315 /* Model */,
				29A7CFC426FDD06C00FFCC2B /* Repository */,
				290274EE26CA92550006EE57 /* View */,
				29A7CFE626FF576700FFCC2B /* ViewModel */,
				290274ED26CA92150006EE57 /* ViewComponent */,
				29CAA3AA269FD973004C1315 /* CiderApp.swift */,
				29CAA3AE269FD974004C1315 /* Assets.xcassets */,
				29CAA3B3269FD974004C1315 /* Info.plist */,
				29CAA3B0269FD974004C1315 /* Preview Content */,
			);
			path = Cider;
			sourceTree = "<group>";
		};
		29CAA3B0269FD974004C1315 /* Preview Content */ = {
			isa = PBXGroup;
			children = (
				29CAA3B1269FD974004C1315 /* Preview Assets.xcassets */,
			);
			path = "Preview Content";
			sourceTree = "<group>";
		};
		29CAA3B9269FE8D3004C1315 /* Model */ = {
			isa = PBXGroup;
			children = (
				29CAA3BA269FE8F2004C1315 /* SparqlResponse.swift */,
				29CAA3BC26A02B79004C1315 /* Lily.swift */,
				29CAA3C026A02D4B004C1315 /* Legion.swift */,
				29CC6C8226A1EEBA0062EF80 /* Charm.swift */,
				29CC6C8426A1F5C90062EF80 /* Taskforce.swift */,
				29CC6C8626A1F5E70062EF80 /* Cast.swift */,
				29CC6C8C26A559E30062EF80 /* Media.swift */,
				290274AB26C131D70006EE57 /* Corporation.swift */,
				29A7CFDE26FF392100FFCC2B /* LoadingState.swift */,
				29B39D8A2705D48600172A8A /* SparqlError.swift */,
				29B39D8E2705E90400172A8A /* ImageRecord.swift */,
				29B39D962705F35B00172A8A /* ImageRecordError.swift */,
				29019C1927087B2400E79357 /* ImageError.swift */,
			);
			path = Model;
			sourceTree = "<group>";
		};
		29CAA3C926A046C5004C1315 /* Helper */ = {
			isa = PBXGroup;
			children = (
				29CAA3BE26A02C1A004C1315 /* StringHelper.swift */,
				29CAA3CA26A046DE004C1315 /* TriplesHelper.swift */,
				29CC6C8E26A6C5FC0062EF80 /* ColorExtension.swift */,
				29CC6C9026A88E290062EF80 /* DateHelper.swift */,
				29CC6CA026B2790C0062EF80 /* ViewExtension.swift */,
				29CC6CA626B283F10062EF80 /* UIApplicationExtension.swift */,
				29CC6C9C26B000520062EF80 /* ResponsiveNavigationStyle.swift */,
				290274A926C131050006EE57 /* DecimalExtension.swift */,
				29019C0B2708721F00E79357 /* ImageCache.swift */,
			);
			path = Helper;
			sourceTree = "<group>";
		};
		29CC6CB326B5B1820062EF80 /* PartialSheet */ = {
			isa = PBXGroup;
			children = (
				29CC6CB426B5B1990062EF80 /* PartialSheetManager.swift */,
				29CC6CB626B5B1C90062EF80 /* PartialSheetStyle.swift */,
				29CC6CB826B5B2040062EF80 /* PartialSheetViewModifier.swift */,
				29CC6CBA26B5B2670062EF80 /* View+IfDeviceType.swift */,
				29CC6CBC26B5B27F0062EF80 /* View+PartialSheetModifier.swift */,
			);
			path = PartialSheet;
			sourceTree = "<group>";
		};
/* End PBXGroup section */

/* Begin PBXNativeTarget section */
		29CAA3A6269FD973004C1315 /* Cider */ = {
			isa = PBXNativeTarget;
			buildConfigurationList = 29CAA3B6269FD974004C1315 /* Build configuration list for PBXNativeTarget "Cider" */;
			buildPhases = (
				29CAA3A3269FD973004C1315 /* Sources */,
				29CAA3A4269FD973004C1315 /* Frameworks */,
				29CAA3A5269FD973004C1315 /* Resources */,
				29A7CFD526FDD8F400FFCC2B /* Embed Frameworks */,
			);
			buildRules = (
			);
			dependencies = (
			);
			name = Cider;
			packageProductDependencies = (
			);
			productName = iLemonade;
			productReference = 29CAA3A7269FD973004C1315 /* Cider.app */;
			productType = "com.apple.product-type.application";
		};
/* End PBXNativeTarget section */

/* Begin PBXProject section */
		29CAA39F269FD973004C1315 /* Project object */ = {
			isa = PBXProject;
			attributes = {
				LastSwiftUpdateCheck = 1250;
				LastUpgradeCheck = 1250;
				TargetAttributes = {
					29CAA3A6269FD973004C1315 = {
						CreatedOnToolsVersion = 12.5.1;
					};
				};
			};
			buildConfigurationList = 29CAA3A2269FD973004C1315 /* Build configuration list for PBXProject "Cider" */;
			compatibilityVersion = "Xcode 9.3";
			developmentRegion = ja;
			hasScannedForEncodings = 0;
			knownRegions = (
				ja,
			);
			mainGroup = 29CAA39E269FD973004C1315;
			packageReferences = (
			);
			productRefGroup = 29CAA3A8269FD973004C1315 /* Products */;
			projectDirPath = "";
			projectRoot = "";
			targets = (
				29CAA3A6269FD973004C1315 /* Cider */,
			);
		};
/* End PBXProject section */

/* Begin PBXResourcesBuildPhase section */
		29CAA3A5269FD973004C1315 /* Resources */ = {
			isa = PBXResourcesBuildPhase;
			buildActionMask = 2147483647;
			files = (
				29A7CFCA26FDD27200FFCC2B /* Cartfile in Resources */,
				299556C926A1571E008B426E /* Assets.xcassets in Resources */,
				29CAA3B2269FD974004C1315 /* Preview Assets.xcassets in Resources */,
			);
			runOnlyForDeploymentPostprocessing = 0;
		};
/* End PBXResourcesBuildPhase section */

/* Begin PBXSourcesBuildPhase section */
		29CAA3A3269FD973004C1315 /* Sources */ = {
			isa = PBXSourcesBuildPhase;
			buildActionMask = 2147483647;
			files = (
				29019C18270876A400E79357 /* ImageIndicatorView.swift in Sources */,
				29CC6C8526A1F5C90062EF80 /* Taskforce.swift in Sources */,
				29CAA3AD269FD973004C1315 /* LilyListView.swift in Sources */,
				29CAA3CB26A046DE004C1315 /* TriplesHelper.swift in Sources */,
				290274A626C12D840006EE57 /* CharmListView.swift in Sources */,
				29CC6CA126B2790C0062EF80 /* ViewExtension.swift in Sources */,
				29A7CFC826FDD08500FFCC2B /* LilyRepository.swift in Sources */,
				29A7CFDA26FDDE7A00FFCC2B /* LilyNavigationView.swift in Sources */,
				29B39D8D2705DB1A00172A8A /* LoadingView.swift in Sources */,
				29CC6D1026BC4EA50062EF80 /* CastListRow.swift in Sources */,
				29019C1C27087B4000E79357 /* ImageAPI.swift in Sources */,
				296EBFC526D2BBA00085C33D /* ListItemsWrapRow.swift in Sources */,
				29CC6C9B26AFFC880062EF80 /* LilyDetailViewHeader.swift in Sources */,
				29A7CFEC26FF9FE400FFCC2B /* LilyDetailGardenLegionInfoView.swift in Sources */,
				29B39D8B2705D48600172A8A /* SparqlError.swift in Sources */,
				29BBD6F826CEB9D6005F30BA /* CharmUserView.swift in Sources */,
				29CC6CA326B27A220062EF80 /* LilyListSearchBox.swift in Sources */,
				290274AA26C131050006EE57 /* DecimalExtension.swift in Sources */,
				29CC6C8726A1F5E70062EF80 /* Cast.swift in Sources */,
				29CC6CB926B5B2040062EF80 /* PartialSheetViewModifier.swift in Sources */,
				29B39D872705D3CB00172A8A /* CharmDetailViewModel.swift in Sources */,
				29B39D892705D3DC00172A8A /* CharmRepository.swift in Sources */,
				29CC6C9326AEB5AB0062EF80 /* ListSingleLineRow.swift in Sources */,
				29CC6C8F26A6C5FC0062EF80 /* ColorExtension.swift in Sources */,
				29CC6CB526B5B1990062EF80 /* PartialSheetManager.swift in Sources */,
				29CC6C8D26A559E30062EF80 /* Media.swift in Sources */,
				29CC6CBB26B5B2670062EF80 /* View+IfDeviceType.swift in Sources */,
				29CAA3CD26A05492004C1315 /* LilyCardView.swift in Sources */,
				29CC6C9926AFF99C0062EF80 /* RelationshipListRow.swift in Sources */,
				29A7CFC626FDD07A00FFCC2B /* SparqlAPI.swift in Sources */,
				29CAA3BB269FE8F2004C1315 /* SparqlResponse.swift in Sources */,
				290274AE26C13BBB0006EE57 /* CharmCardView.swift in Sources */,
				29A7CFEA26FF9DC900FFCC2B /* LilyDetailViewModel.swift in Sources */,
				29B195D32724447900045FD9 /* BirthdayBalloonView.swift in Sources */,
				297B3F3A2715DA0600A9CF4F /* CharmNavigationHelper.swift in Sources */,
				29CAA3AB269FD973004C1315 /* CiderApp.swift in Sources */,
				29CAA3C126A02D4B004C1315 /* Legion.swift in Sources */,
				29019C0A2708712600E79357 /* ImageView.swift in Sources */,
				29019C0C2708721F00E79357 /* ImageCache.swift in Sources */,
				29B39D8F2705E90400172A8A /* ImageRecord.swift in Sources */,
				290274B626C192180006EE57 /* CharmListSearchBox.swift in Sources */,
				29CC6CA526B27CF80062EF80 /* LegionPicker.swift in Sources */,
				29CC6C8326A1EEBA0062EF80 /* Charm.swift in Sources */,
				29CC6CBD26B5B27F0062EF80 /* View+PartialSheetModifier.swift in Sources */,
				29CAA3BF26A02C1A004C1315 /* StringHelper.swift in Sources */,
				29CC6C9526AFB3080062EF80 /* ListMultiLineRow.swift in Sources */,
				29B39D852705D3C100172A8A /* CharmListViewModel.swift in Sources */,
				29CC6CB726B5B1C90062EF80 /* PartialSheetStyle.swift in Sources */,
				29A7CFE826FF578200FFCC2B /* LilyListViewModel.swift in Sources */,
				29019C202708BFA300E79357 /* LilyDetailIconAuthorInfoView.swift in Sources */,
				29B39D932705EBA300172A8A /* ImageRecordConstant.swift in Sources */,
				29B39D972705F35B00172A8A /* ImageRecordError.swift in Sources */,
				29CC6C9D26B000520062EF80 /* ResponsiveNavigationStyle.swift in Sources */,
				297B3F382715AB1E00A9CF4F /* LilyNavigationHelper.swift in Sources */,
				29B195D02724307800045FD9 /* PathAnimatingView.swift in Sources */,
				290274AC26C131D70006EE57 /* Corporation.swift in Sources */,
				29B39D912705EB1700172A8A /* ImageRecordAPI.swift in Sources */,
				29A7CFEE26FFA17B00FFCC2B /* LilyDetailBasicInfoView.swift in Sources */,
				29A7CFD826FDD9EA00FFCC2B /* SparqlConstant.swift in Sources */,
				297B3F3C2715DB7100A9CF4F /* CharmNavigationView.swift in Sources */,
				29CC6C9F26B277020062EF80 /* GardenPicker.swift in Sources */,
				29019C1A27087B2400E79357 /* ImageError.swift in Sources */,
				29CC6C9126A88E290062EF80 /* DateHelper.swift in Sources */,
				29A7CFDF26FF392100FFCC2B /* LoadingState.swift in Sources */,
				290274B426C178BB0006EE57 /* CharmDetailViewHeader.swift in Sources */,
				29567E0C26F372B400CFB7FD /* ListSingleLineNavLinkRow.swift in Sources */,
				29CC6CAB26B338F30062EF80 /* SkillPicker.swift in Sources */,
				29A7CFF026FFA22B00FFCC2B /* LilyDetailSkillCharmView.swift in Sources */,
				29019C162708758500E79357 /* ImageLoader.swift in Sources */,
				29B39D952705EED100172A8A /* ImageRecordRepository.swift in Sources */,
				29019C1E27087BB700E79357 /* ImageRepository.swift in Sources */,
				29CAA3BD26A02B79004C1315 /* Lily.swift in Sources */,
				29CC6CA726B283F10062EF80 /* UIApplicationExtension.swift in Sources */,
				29CC6C8126A1E2400062EF80 /* LilyDetailView.swift in Sources */,
				290274B026C176A40006EE57 /* CharmDetailView.swift in Sources */,
			);
			runOnlyForDeploymentPostprocessing = 0;
		};
/* End PBXSourcesBuildPhase section */

/* Begin XCBuildConfiguration section */
		2903D2442701E59100D0F623 /* AdHoc */ = {
			isa = XCBuildConfiguration;
			buildSettings = {
				ALWAYS_SEARCH_USER_PATHS = NO;
				CLANG_ANALYZER_NONNULL = YES;
				CLANG_ANALYZER_NUMBER_OBJECT_CONVERSION = YES_AGGRESSIVE;
				CLANG_CXX_LANGUAGE_STANDARD = "gnu++14";
				CLANG_CXX_LIBRARY = "libc++";
				CLANG_ENABLE_MODULES = YES;
				CLANG_ENABLE_OBJC_ARC = YES;
				CLANG_ENABLE_OBJC_WEAK = YES;
				CLANG_WARN_BLOCK_CAPTURE_AUTORELEASING = YES;
				CLANG_WARN_BOOL_CONVERSION = YES;
				CLANG_WARN_COMMA = YES;
				CLANG_WARN_CONSTANT_CONVERSION = YES;
				CLANG_WARN_DEPRECATED_OBJC_IMPLEMENTATIONS = YES;
				CLANG_WARN_DIRECT_OBJC_ISA_USAGE = YES_ERROR;
				CLANG_WARN_DOCUMENTATION_COMMENTS = YES;
				CLANG_WARN_EMPTY_BODY = YES;
				CLANG_WARN_ENUM_CONVERSION = YES;
				CLANG_WARN_INFINITE_RECURSION = YES;
				CLANG_WARN_INT_CONVERSION = YES;
				CLANG_WARN_NON_LITERAL_NULL_CONVERSION = YES;
				CLANG_WARN_OBJC_IMPLICIT_RETAIN_SELF = YES;
				CLANG_WARN_OBJC_LITERAL_CONVERSION = YES;
				CLANG_WARN_OBJC_ROOT_CLASS = YES_ERROR;
				CLANG_WARN_QUOTED_INCLUDE_IN_FRAMEWORK_HEADER = YES;
				CLANG_WARN_RANGE_LOOP_ANALYSIS = YES;
				CLANG_WARN_STRICT_PROTOTYPES = YES;
				CLANG_WARN_SUSPICIOUS_MOVE = YES;
				CLANG_WARN_UNGUARDED_AVAILABILITY = YES_AGGRESSIVE;
				CLANG_WARN_UNREACHABLE_CODE = YES;
				CLANG_WARN__DUPLICATE_METHOD_MATCH = YES;
				COPY_PHASE_STRIP = NO;
				DEBUG_INFORMATION_FORMAT = "dwarf-with-dsym";
				ENABLE_NS_ASSERTIONS = NO;
				ENABLE_STRICT_OBJC_MSGSEND = YES;
				GCC_C_LANGUAGE_STANDARD = gnu11;
				GCC_NO_COMMON_BLOCKS = YES;
				GCC_WARN_64_TO_32_BIT_CONVERSION = YES;
				GCC_WARN_ABOUT_RETURN_TYPE = YES_ERROR;
				GCC_WARN_UNDECLARED_SELECTOR = YES;
				GCC_WARN_UNINITIALIZED_AUTOS = YES_AGGRESSIVE;
				GCC_WARN_UNUSED_FUNCTION = YES;
				GCC_WARN_UNUSED_VARIABLE = YES;
				IPHONEOS_DEPLOYMENT_TARGET = 14.1;
				MTL_ENABLE_DEBUG_INFO = NO;
				MTL_FAST_MATH = YES;
				SDKROOT = iphoneos;
				SWIFT_COMPILATION_MODE = wholemodule;
				SWIFT_OPTIMIZATION_LEVEL = "-O";
				VALIDATE_PRODUCT = YES;
			};
			name = AdHoc;
		};
		2903D2452701E59100D0F623 /* AdHoc */ = {
			isa = XCBuildConfiguration;
			buildSettings = {
				ASSETCATALOG_COMPILER_APPICON_NAME = AppIcon;
				ASSETCATALOG_COMPILER_GLOBAL_ACCENT_COLOR_NAME = AccentColor;
				CIDER_DISPLAY_NAME = "Cider (dev)";
				CODE_SIGN_IDENTITY = "Apple Distribution: Kosuke Kurihara (JQ342Z7S5L)";
				CODE_SIGN_STYLE = Manual;
				CURRENT_PROJECT_VERSION = 29;
				DEVELOPMENT_ASSET_PATHS = "\"Cider/Preview Content\"";
				DEVELOPMENT_TEAM = JQ342Z7S5L;
				ENABLE_PREVIEWS = YES;
				INFOPLIST_FILE = Cider/Info.plist;
				IPHONEOS_DEPLOYMENT_TARGET = 14.1;
				LD_RUNPATH_SEARCH_PATHS = (
					"$(inherited)",
					"@executable_path/Frameworks",
				);
				MARKETING_VERSION = 0.3.2;
				PRODUCT_BUNDLE_IDENTIFIER = net.fvhp.lily.Cider;
				PRODUCT_NAME = "$(TARGET_NAME)";
				PROVISIONING_PROFILE_SPECIFIER = "match AdHoc net.fvhp.lily.Cider";
				SWIFT_VERSION = 5.0;
				TARGETED_DEVICE_FAMILY = "1,2";
				VERSIONING_SYSTEM = "apple-generic";
			};
			name = AdHoc;
		};
		2903D2462701E64500D0F623 /* Release */ = {
			isa = XCBuildConfiguration;
			buildSettings = {
				ALWAYS_SEARCH_USER_PATHS = NO;
				CLANG_ANALYZER_NONNULL = YES;
				CLANG_ANALYZER_NUMBER_OBJECT_CONVERSION = YES_AGGRESSIVE;
				CLANG_CXX_LANGUAGE_STANDARD = "gnu++14";
				CLANG_CXX_LIBRARY = "libc++";
				CLANG_ENABLE_MODULES = YES;
				CLANG_ENABLE_OBJC_ARC = YES;
				CLANG_ENABLE_OBJC_WEAK = YES;
				CLANG_WARN_BLOCK_CAPTURE_AUTORELEASING = YES;
				CLANG_WARN_BOOL_CONVERSION = YES;
				CLANG_WARN_COMMA = YES;
				CLANG_WARN_CONSTANT_CONVERSION = YES;
				CLANG_WARN_DEPRECATED_OBJC_IMPLEMENTATIONS = YES;
				CLANG_WARN_DIRECT_OBJC_ISA_USAGE = YES_ERROR;
				CLANG_WARN_DOCUMENTATION_COMMENTS = YES;
				CLANG_WARN_EMPTY_BODY = YES;
				CLANG_WARN_ENUM_CONVERSION = YES;
				CLANG_WARN_INFINITE_RECURSION = YES;
				CLANG_WARN_INT_CONVERSION = YES;
				CLANG_WARN_NON_LITERAL_NULL_CONVERSION = YES;
				CLANG_WARN_OBJC_IMPLICIT_RETAIN_SELF = YES;
				CLANG_WARN_OBJC_LITERAL_CONVERSION = YES;
				CLANG_WARN_OBJC_ROOT_CLASS = YES_ERROR;
				CLANG_WARN_QUOTED_INCLUDE_IN_FRAMEWORK_HEADER = YES;
				CLANG_WARN_RANGE_LOOP_ANALYSIS = YES;
				CLANG_WARN_STRICT_PROTOTYPES = YES;
				CLANG_WARN_SUSPICIOUS_MOVE = YES;
				CLANG_WARN_UNGUARDED_AVAILABILITY = YES_AGGRESSIVE;
				CLANG_WARN_UNREACHABLE_CODE = YES;
				CLANG_WARN__DUPLICATE_METHOD_MATCH = YES;
				COPY_PHASE_STRIP = NO;
				DEBUG_INFORMATION_FORMAT = "dwarf-with-dsym";
				ENABLE_NS_ASSERTIONS = NO;
				ENABLE_STRICT_OBJC_MSGSEND = YES;
				GCC_C_LANGUAGE_STANDARD = gnu11;
				GCC_NO_COMMON_BLOCKS = YES;
				GCC_WARN_64_TO_32_BIT_CONVERSION = YES;
				GCC_WARN_ABOUT_RETURN_TYPE = YES_ERROR;
				GCC_WARN_UNDECLARED_SELECTOR = YES;
				GCC_WARN_UNINITIALIZED_AUTOS = YES_AGGRESSIVE;
				GCC_WARN_UNUSED_FUNCTION = YES;
				GCC_WARN_UNUSED_VARIABLE = YES;
				IPHONEOS_DEPLOYMENT_TARGET = 14.1;
				MTL_ENABLE_DEBUG_INFO = NO;
				MTL_FAST_MATH = YES;
				SDKROOT = iphoneos;
				SWIFT_COMPILATION_MODE = wholemodule;
				SWIFT_OPTIMIZATION_LEVEL = "-O";
				VALIDATE_PRODUCT = YES;
			};
			name = Release;
		};
		2903D2472701E64500D0F623 /* Release */ = {
			isa = XCBuildConfiguration;
			buildSettings = {
				ASSETCATALOG_COMPILER_APPICON_NAME = AppIcon;
				ASSETCATALOG_COMPILER_GLOBAL_ACCENT_COLOR_NAME = AccentColor;
				CIDER_DISPLAY_NAME = Cider;
				CODE_SIGN_IDENTITY = "Apple Distribution: Kosuke Kurihara (JQ342Z7S5L)";
				CODE_SIGN_STYLE = Manual;
				CURRENT_PROJECT_VERSION = 29;
				DEVELOPMENT_ASSET_PATHS = "\"Cider/Preview Content\"";
				DEVELOPMENT_TEAM = JQ342Z7S5L;
				ENABLE_PREVIEWS = YES;
				INFOPLIST_FILE = Cider/Info.plist;
				IPHONEOS_DEPLOYMENT_TARGET = 14.1;
				LD_RUNPATH_SEARCH_PATHS = (
					"$(inherited)",
					"@executable_path/Frameworks",
				);
				MARKETING_VERSION = 0.3.2;
				PRODUCT_BUNDLE_IDENTIFIER = net.fvhp.lily.Cider;
				PRODUCT_NAME = "$(TARGET_NAME)";
				PROVISIONING_PROFILE_SPECIFIER = "match AppStore net.fvhp.lily.Cider";
				SWIFT_VERSION = 5.0;
				TARGETED_DEVICE_FAMILY = "1,2";
				VERSIONING_SYSTEM = "apple-generic";
			};
			name = Release;
		};
		29CAA3B4269FD974004C1315 /* Debug */ = {
			isa = XCBuildConfiguration;
			buildSettings = {
				ALWAYS_SEARCH_USER_PATHS = NO;
				CLANG_ANALYZER_NONNULL = YES;
				CLANG_ANALYZER_NUMBER_OBJECT_CONVERSION = YES_AGGRESSIVE;
				CLANG_CXX_LANGUAGE_STANDARD = "gnu++14";
				CLANG_CXX_LIBRARY = "libc++";
				CLANG_ENABLE_MODULES = YES;
				CLANG_ENABLE_OBJC_ARC = YES;
				CLANG_ENABLE_OBJC_WEAK = YES;
				CLANG_WARN_BLOCK_CAPTURE_AUTORELEASING = YES;
				CLANG_WARN_BOOL_CONVERSION = YES;
				CLANG_WARN_COMMA = YES;
				CLANG_WARN_CONSTANT_CONVERSION = YES;
				CLANG_WARN_DEPRECATED_OBJC_IMPLEMENTATIONS = YES;
				CLANG_WARN_DIRECT_OBJC_ISA_USAGE = YES_ERROR;
				CLANG_WARN_DOCUMENTATION_COMMENTS = YES;
				CLANG_WARN_EMPTY_BODY = YES;
				CLANG_WARN_ENUM_CONVERSION = YES;
				CLANG_WARN_INFINITE_RECURSION = YES;
				CLANG_WARN_INT_CONVERSION = YES;
				CLANG_WARN_NON_LITERAL_NULL_CONVERSION = YES;
				CLANG_WARN_OBJC_IMPLICIT_RETAIN_SELF = YES;
				CLANG_WARN_OBJC_LITERAL_CONVERSION = YES;
				CLANG_WARN_OBJC_ROOT_CLASS = YES_ERROR;
				CLANG_WARN_QUOTED_INCLUDE_IN_FRAMEWORK_HEADER = YES;
				CLANG_WARN_RANGE_LOOP_ANALYSIS = YES;
				CLANG_WARN_STRICT_PROTOTYPES = YES;
				CLANG_WARN_SUSPICIOUS_MOVE = YES;
				CLANG_WARN_UNGUARDED_AVAILABILITY = YES_AGGRESSIVE;
				CLANG_WARN_UNREACHABLE_CODE = YES;
				CLANG_WARN__DUPLICATE_METHOD_MATCH = YES;
				COPY_PHASE_STRIP = NO;
				DEBUG_INFORMATION_FORMAT = dwarf;
				ENABLE_STRICT_OBJC_MSGSEND = YES;
				ENABLE_TESTABILITY = YES;
				GCC_C_LANGUAGE_STANDARD = gnu11;
				GCC_DYNAMIC_NO_PIC = NO;
				GCC_NO_COMMON_BLOCKS = YES;
				GCC_OPTIMIZATION_LEVEL = 0;
				GCC_PREPROCESSOR_DEFINITIONS = (
					"DEBUG=1",
					"$(inherited)",
				);
				GCC_WARN_64_TO_32_BIT_CONVERSION = YES;
				GCC_WARN_ABOUT_RETURN_TYPE = YES_ERROR;
				GCC_WARN_UNDECLARED_SELECTOR = YES;
				GCC_WARN_UNINITIALIZED_AUTOS = YES_AGGRESSIVE;
				GCC_WARN_UNUSED_FUNCTION = YES;
				GCC_WARN_UNUSED_VARIABLE = YES;
				IPHONEOS_DEPLOYMENT_TARGET = 14.1;
				MTL_ENABLE_DEBUG_INFO = INCLUDE_SOURCE;
				MTL_FAST_MATH = YES;
				ONLY_ACTIVE_ARCH = YES;
				SDKROOT = iphoneos;
				SWIFT_ACTIVE_COMPILATION_CONDITIONS = DEBUG;
				SWIFT_OPTIMIZATION_LEVEL = "-Onone";
			};
			name = Debug;
		};
		29CAA3B7269FD974004C1315 /* Debug */ = {
			isa = XCBuildConfiguration;
			buildSettings = {
				ASSETCATALOG_COMPILER_APPICON_NAME = AppIcon;
				ASSETCATALOG_COMPILER_GLOBAL_ACCENT_COLOR_NAME = AccentColor;
				CIDER_DISPLAY_NAME = "Cider (dev)";
				CODE_SIGN_IDENTITY = "Apple Development";
				CODE_SIGN_STYLE = Automatic;
				CURRENT_PROJECT_VERSION = 29;
				DEVELOPMENT_ASSET_PATHS = "\"Cider/Preview Content\"";
				DEVELOPMENT_TEAM = JQ342Z7S5L;
				ENABLE_PREVIEWS = YES;
				INFOPLIST_FILE = Cider/Info.plist;
				IPHONEOS_DEPLOYMENT_TARGET = 14.1;
				LD_RUNPATH_SEARCH_PATHS = (
					"$(inherited)",
					"@executable_path/Frameworks",
				);
				MARKETING_VERSION = 0.3.2;
				PRODUCT_BUNDLE_IDENTIFIER = net.fvhp.lily.Cider;
				PRODUCT_NAME = "$(TARGET_NAME)";
				PROVISIONING_PROFILE_SPECIFIER = "";
				SWIFT_VERSION = 5.0;
				TARGETED_DEVICE_FAMILY = "1,2";
				VERSIONING_SYSTEM = "apple-generic";
			};
			name = Debug;
		};
/* End XCBuildConfiguration section */

/* Begin XCConfigurationList section */
		29CAA3A2269FD973004C1315 /* Build configuration list for PBXProject "Cider" */ = {
			isa = XCConfigurationList;
			buildConfigurations = (
				29CAA3B4269FD974004C1315 /* Debug */,
				2903D2442701E59100D0F623 /* AdHoc */,
				2903D2462701E64500D0F623 /* Release */,
			);
			defaultConfigurationIsVisible = 0;
			defaultConfigurationName = Release;
		};
		29CAA3B6269FD974004C1315 /* Build configuration list for PBXNativeTarget "Cider" */ = {
			isa = XCConfigurationList;
			buildConfigurations = (
				29CAA3B7269FD974004C1315 /* Debug */,
				2903D2452701E59100D0F623 /* AdHoc */,
				2903D2472701E64500D0F623 /* Release */,
			);
			defaultConfigurationIsVisible = 0;
			defaultConfigurationName = Release;
		};
/* End XCConfigurationList section */
	};
	rootObject = 29CAA39F269FD973004C1315 /* Project object */;
}
